
Microsoft Visual Studio Solution File, Format Version 12.00
# Visual Studio Version 16
VisualStudioVersion = 16.0.28803.452
MinimumVisualStudioVersion = 10.0.40219.1
Project("{8BC9CEB8-8B4A-11D0-8D11-00A0C91BC942}") = "CMakeUp", "CMakeUp\CMakeUp.vcxproj", "{8A2FD38D-315B-4071-9D87-DB4E71F8ACBF}"
EndProject
Global
	GlobalSection(SolutionConfigurationPlatforms) = preSolution
		Debug|x64 = Debug|x64
		Debug|x86 = Debug|x86
		Release|x64 = Release|x64
		Release|x86 = Release|x86
	EndGlobalSection
	GlobalSection(ProjectConfigurationPlatforms) = postSolution
		{8A2FD38D-315B-4071-9D87-DB4E71F8ACBF}.Debug|x64.ActiveCfg = Debug|x64
		{8A2FD38D-315B-4071-9D87-DB4E71F8ACBF}.Debug|x64.Build.0 = Debug|x64
		{8A2FD38D-315B-4071-9D87-DB4E71F8ACBF}.Debug|x86.ActiveCfg = Debug|Win32
		{8A2FD38D-315B-4071-9D87-DB4E71F8ACBF}.Debug|x86.Build.0 = Debug|Win32
		{8A2FD38D-315B-4071-9D87-DB4E71F8ACBF}.Release|x64.ActiveCfg = Release|x64
		{8A2FD38D-315B-4071-9D87-DB4E71F8ACBF}.Release|x64.Build.0 = Release|x64
		{8A2FD38D-315B-4071-9D87-DB4E71F8ACBF}.Release|x86.ActiveCfg = Release|Win32
		{8A2FD38D-315B-4071-9D87-DB4E71F8ACBF}.Release|x86.Build.0 = Release|Win32
	EndGlobalSection
	GlobalSection(SolutionProperties) = preSolution
		HideSolutionNode = FALSE
	EndGlobalSection
	GlobalSection(ExtensibilityGlobals) = postSolution
		SolutionGuid = {38CB5439-AFB4-4B43-A44B-48F60834D374}
	EndGlobalSection
EndGlobal
